
Microsoft Visual Studio Solution File, Format Version 12.00
# Visual Studio 15
VisualStudioVersion = 15.0.28307.779
MinimumVisualStudioVersion = 10.0.40219.1
Project("{FAE04EC0-301F-11D3-BF4B-00C04F79EFBC}") = "ConsoleApp23", "ConsoleApp23\ConsoleApp23.csproj", "{42BE5E5E-B0C8-4294-80C7-5FCBC766D7D8}"
EndProject
Project("{FAE04EC0-301F-11D3-BF4B-00C04F79EFBC}") = "LogAnalyzer.Tests", "LogAnalyzer.Tests\LogAnalyzer.Tests.csproj", "{CE76C806-0C80-4673-B881-F720E8A5AB90}"
EndProject
Global
	GlobalSection(SolutionConfigurationPlatforms) = preSolution
		Debug|Any CPU = Debug|Any CPU
		Release|Any CPU = Release|Any CPU
	EndGlobalSection
	GlobalSection(ProjectConfigurationPlatforms) = postSolution
		{42BE5E5E-B0C8-4294-80C7-5FCBC766D7D8}.Debug|Any CPU.ActiveCfg = Debug|Any CPU
		{42BE5E5E-B0C8-4294-80C7-5FCBC766D7D8}.Debug|Any CPU.Build.0 = Debug|Any CPU
		{42BE5E5E-B0C8-4294-80C7-5FCBC766D7D8}.Release|Any CPU.ActiveCfg = Release|Any CPU
		{42BE5E5E-B0C8-4294-80C7-5FCBC766D7D8}.Release|Any CPU.Build.0 = Release|Any CPU
		{CE76C806-0C80-4673-B881-F720E8A5AB90}.Debug|Any CPU.ActiveCfg = Debug|Any CPU
		{CE76C806-0C80-4673-B881-F720E8A5AB90}.Debug|Any CPU.Build.0 = Debug|Any CPU
		{CE76C806-0C80-4673-B881-F720E8A5AB90}.Release|Any CPU.ActiveCfg = Release|Any CPU
		{CE76C806-0C80-4673-B881-F720E8A5AB90}.Release|Any CPU.Build.0 = Release|Any CPU
	EndGlobalSection
	GlobalSection(SolutionProperties) = preSolution
		HideSolutionNode = FALSE
	EndGlobalSection
	GlobalSection(ExtensibilityGlobals) = postSolution
		SolutionGuid = {DBF3A8B1-F744-4263-AEEF-BB3371E1EBC5}
	EndGlobalSection
EndGlobal
